{
  "lockfileVersion": 1,
  "configVersion": 1,
  "workspaces": {
    "": {
      "name": "application-validation",
      "dependencies": {
        "@node-rs/xxhash": "1.7.7",
        "hono": "4.13.7",
        "pg": "8.23.0",
      },
    },
  },
  "packages": {
    "@node-rs/xxhash": ["@node-rs/xxhash@1.7.7", "", { "optionalDependencies": { "@node-rs/xxhash-android-arm-eabi": "1.7.7", "@node-rs/xxhash-android-arm64": "1.7.7", "@node-rs/xxhash-darwin-arm64": "1.7.7", "@node-rs/xxhash-darwin-x64": "1.7.7", "@node-rs/xxhash-freebsd-x64": "1.7.7", "@node-rs/xxhash-linux-arm-gnueabihf": "1.7.7", "@node-rs/xxhash-linux-arm64-gnu": "1.7.7", "@node-rs/xxhash-linux-arm64-musl": "1.7.7", "@node-rs/xxhash-linux-x64-gnu": "1.7.7", "@node-rs/xxhash-linux-x64-musl": "1.7.7", "@node-rs/xxhash-win32-arm64-msvc": "1.7.7", "@node-rs/xxhash-win32-ia32-msvc": "1.7.7", "@node-rs/xxhash-win32-x64-msvc": "1.7.7" } }, "sha512-lQflJcUTqTvIbFNvq+6DnXQr2MCAqEBsXt9IgTiuhQeaFPejoUJBRF2WlfU5hfUzsCjU+DrzZlxzob0Q4zdHLw=="],

    "@node-rs/xxhash-android-arm-eabi": ["@node-rs/xxhash-android-arm-eabi@1.7.7", "", { "os": "android", "cpu": "arm" }, "sha512-9uOAXzMmayilkSmoSgrtZDKG2a4E8I0f58Ydm0/us2ubfUGqBr6AjaxzRjipuDBGeNZYYQP1wmoUzLAmuUajIQ=="],

    "@node-rs/xxhash-android-arm64": ["@node-rs/xxhash-android-arm64@1.7.7", "", { "os": "android", "cpu": "arm64" }, "sha512-NDqhut7aniQegfLEYBDxmhI5gFHcDur3D9G7E724SzF3aPw0lTAN9cLixd/Cs+BJRwq3oziOdGtYW9j0xM/B0Q=="],

    "@node-rs/xxhash-darwin-arm64": ["@node-rs/xxhash-darwin-arm64@1.7.7", "", { "os": "darwin", "cpu": "arm64" }, "sha512-uwrEQELN50J2leUNBTir50nRxJJT3Dts3WDnvEij+MMJco++uI2dXoHbwP/UoavGuyoPtngrWxKP8XS9/mLvOA=="],

    "@node-rs/xxhash-darwin-x64": ["@node-rs/xxhash-darwin-x64@1.7.7", "", { "os": "darwin", "cpu": "x64" }, "sha512-y7AUeH573Ks5BDaJtmyvPxHhPDGedwZnU/hqFbS/DLUqpYGxXLwYkV5iSBtEfFnYyyae1MVjUBqSaCXB6wuLDg=="],

    "@node-rs/xxhash-freebsd-x64": ["@node-rs/xxhash-freebsd-x64@1.7.7", "", { "os": "freebsd", "cpu": "x64" }, "sha512-4kOYAbnPcFgcpOVQvthha09hjlmswIsfcZWm8uTZC1sau3tdynyyQy1/OcOG03EdP1W0qHOC3ORfUTS9oxbI9A=="],

    "@node-rs/xxhash-linux-arm-gnueabihf": ["@node-rs/xxhash-linux-arm-gnueabihf@1.7.7", "", { "os": "linux", "cpu": "arm" }, "sha512-zO9DsqETMS+8/UarCugj1NW+PcD4haFfYQuVXFaPTskgtocvFY8nYY0N59YZukBWlSGh3xBtXPMVd39zeRiNKg=="],

    "@node-rs/xxhash-linux-arm64-gnu": ["@node-rs/xxhash-linux-arm64-gnu@1.7.7", "", { "os": "linux", "cpu": "arm64" }, "sha512-48kFnEIy8w1R8pGKblG+em6Q7YuDRWcLsSRpFCIrbpsA6aAQdvZnMXiyx+HSq5gEWwM35Hrb30L1sStUSetFmw=="],

    "@node-rs/xxhash-linux-arm64-musl": ["@node-rs/xxhash-linux-arm64-musl@1.7.7", "", { "os": "linux", "cpu": "arm64" }, "sha512-m1Wz3ySODY7XZixTgLn9n59tUVSTmhO4iwcTLX5lRNnJaCOiWywsySPPbo3++oebSGTwAdJEmPJq5BLPSEZGGQ=="],

    "@node-rs/xxhash-linux-x64-gnu": ["@node-rs/xxhash-linux-x64-gnu@1.7.7", "", { "os": "linux", "cpu": "x64" }, "sha512-rdLsrNjOUbOCdsdZZqfqeE24y/yeSR8c11w5Xkwj/Qkrcpaq3qB5f3aIW+6WuQJjdBsJwOxHCspSuUiaY6Xx4g=="],

    "@node-rs/xxhash-linux-x64-musl": ["@node-rs/xxhash-linux-x64-musl@1.7.7", "", { "os": "linux", "cpu": "x64" }, "sha512-1LmaKDAIoqZcSQJG22cZMH9aL4B6jg5kQygg6pY7NyICzw+taLPLHhaMMEE+E0n2BodRXzVjZvF15pxi4qXtug=="],

    "@node-rs/xxhash-win32-arm64-msvc": ["@node-rs/xxhash-win32-arm64-msvc@1.7.7", "", { "os": "win32", "cpu": "arm64" }, "sha512-F2QaHmplRZbg1T/AlQuW11MmRsxLvNVEsofeQd92/u704L5+BBEVc13MutJwioXNIAW1GmgOpfwVG6ZGeLAoyA=="],

    "@node-rs/xxhash-win32-ia32-msvc": ["@node-rs/xxhash-win32-ia32-msvc@1.7.7", "", { "os": "win32", "cpu": "ia32" }, "sha512-YnHHBQVHju1Sx8vc2s2RauAGXAwWeqFMC4CvaJJ8j5WPnW2x8p9hTQRURMl/ATPLp/t8j4C9AEmLNtrNdE6JXQ=="],

    "@node-rs/xxhash-win32-x64-msvc": ["@node-rs/xxhash-win32-x64-msvc@1.7.7", "", { "os": "win32", "cpu": "x64" }, "sha512-0uVSktuJUetF467YZwHoGuBGcY8RF30DixboXTgMYG5amWze2j+OvaSpQKLsHhf0fs2UZH9W4KQG3SfUizlmGA=="],

    "hono": ["hono@4.13.7", "", {}, "sha512-c8/gF9ac8Y78/agExVocyLevgR+JlpNB444Py0FSX8pJoPdYUfUzRcXtYEYGwt6l19qIlVZPN5Mfsw9jFShmQQ=="],

    "pg": ["pg@8.23.0", "", { "dependencies": { "pg-connection-string": "^2.14.0", "pg-pool": "^3.14.0", "pg-protocol": "^1.16.0", "pg-types": "2.2.0", "pgpass": "1.0.5" }, "optionalDependencies": { "pg-cloudflare": "^1.4.0" }, "peerDependencies": { "pg-native": ">=3.0.1" }, "optionalPeers": ["pg-native"] }, "sha512-Ip2EQCngowJLGOfCwkFhPXU7/ljlhn6Rxlmy4XYfL2Y+vyRM59+8uR2xqRWKdYmbXmxCFOAmKxBuSUCdF34qLg=="],

    "pg-cloudflare": ["pg-cloudflare@1.4.0", "", {}, "sha512-Vo7z/6rrQYxpNRylp4Tlob2elzbh+N/MOQbxFVWCxS7oEx6jF53GTJFxK2WWpKuBRkmiin4Mt+xofFDjx09R0A=="],

    "pg-connection-string": ["pg-connection-string@2.14.0", "", {}, "sha512-XwWDGcLRGCXAR8F/AM5bG7Q+A3Wm2s6QeEjlOKZLlH3UYcguiqCWKyWXVag5TLTIjR7oOJUY8kcADaZgWPyLeg=="],

    "pg-int8": ["pg-int8@1.0.1", "", {}, "sha512-WCtabS6t3c8SkpDBUlb1kjOs7l66xsGdKpIPZsg4wR+B3+u9UAum2odSsF9tnvxg80h4ZxLWMy4pRjOsFIqQpw=="],

    "pg-pool": ["pg-pool@3.14.0", "", { "peerDependencies": { "pg": ">=8.0" } }, "sha512-gKtPkFdQPU3DksooVLi9LsjZxrsBUZIpa+7aVx+LV5pNh0KzP4Zleud2po+ConrxbuXGBJ6Hfer6hdgpIBpBaw=="],

    "pg-protocol": ["pg-protocol@1.16.0", "", {}, "sha512-sILXutLVjCLjcDuOmvhX5e2Z4cS5qG/6Bu3VkpFwdf/633ElGLpEh9bgmuI5I4sqKqkifQiGyiCcx1HdtrK7tg=="],

    "pg-types": ["pg-types@2.2.0", "", { "dependencies": { "pg-int8": "1.0.1", "postgres-array": "~2.0.0", "postgres-bytea": "~1.0.0", "postgres-date": "~1.0.4", "postgres-interval": "^1.1.0" } }, "sha512-qTAAlrEsl8s4OiEQY69wDvcMIdQN6wdz5ojQiOy6YRMuynxenON0O5oCpJI6lshc6scgAY8qvJ2On/p+CXY0GA=="],

    "pgpass": ["pgpass@1.0.5", "", { "dependencies": { "split2": "^4.1.0" } }, "sha512-FdW9r/jQZhSeohs1Z3sI1yxFQNFvMcnmfuj4WBMUTxOrAyLMaTcE1aAMBiTlbMNaXvBCQuVi0R7hd8udDSP7ug=="],

    "postgres-array": ["postgres-array@2.0.0", "", {}, "sha512-VpZrUqU5A69eQyW2c5CA1jtLecCsN2U/bD6VilrFDWq5+5UIEVO7nazS3TEcHf1zuPYO/sqGvUvW62g86RXZuA=="],

    "postgres-bytea": ["postgres-bytea@1.0.1", "", {}, "sha512-5+5HqXnsZPE65IJZSMkZtURARZelel2oXUEO8rH83VS/hxH5vv1uHquPg5wZs8yMAfdv971IU+kcPUczi7NVBQ=="],

    "postgres-date": ["postgres-date@1.0.7", "", {}, "sha512-suDmjLVQg78nMK2UZ454hAG+OAW+HQPZ6n++TNDUX+L0+uUlLywnoxJKDou51Zm+zTCjrCl0Nq6J9C5hP9vK/Q=="],

    "postgres-interval": ["postgres-interval@1.2.0", "", { "dependencies": { "xtend": "^4.0.0" } }, "sha512-9ZhXKM/rw350N1ovuWHbGxnGh/SNJ4cnxHiM0rxE4VN41wsg8P8zWn9hv/buK00RP4WvlOyr/RBDiptyxVbkZQ=="],

    "split2": ["split2@4.2.0", "", {}, "sha512-UcjcJOWknrNkF6PLX83qcHM6KHgVKNkV62Y8a5uYDVv9ydGQVwAHMKqHdJje1VTWpljG0WYpCDhrCdAOYH4TWg=="],

    "xtend": ["xtend@4.0.2", "", {}, "sha512-LKYU1iAXJXUgAXn9URjiu+MWhyUXHsvfp7mcuYm9dSUKK0/CjtrUwFAxD82/mCWbtLsGjFIad0wIsod4zrTAEQ=="],
  }
}
