{
  "lockfileVersion": 1,
  "configVersion": 1,
  "workspaces": {
    "": {
      "name": "font-validation",
      "dependencies": {
        "@napi-rs/canvas": "1.0.8",
        "@resvg/resvg-js": "2.6.2",
      },
    },
  },
  "packages": {
    "@napi-rs/canvas": ["@napi-rs/canvas@1.0.8", "", { "optionalDependencies": { "@napi-rs/canvas-android-arm64": "1.0.8", "@napi-rs/canvas-darwin-arm64": "1.0.8", "@napi-rs/canvas-darwin-x64": "1.0.8", "@napi-rs/canvas-linux-arm-gnueabihf": "1.0.8", "@napi-rs/canvas-linux-arm64-gnu": "1.0.8", "@napi-rs/canvas-linux-arm64-musl": "1.0.8", "@napi-rs/canvas-linux-riscv64-gnu": "1.0.8", "@napi-rs/canvas-linux-x64-gnu": "1.0.8", "@napi-rs/canvas-linux-x64-musl": "1.0.8", "@napi-rs/canvas-win32-arm64-msvc": "1.0.8", "@napi-rs/canvas-win32-x64-msvc": "1.0.8" } }, "sha512-/SaLcvlqGWdm0HSCWMgHu7cjJiQXfP8/mOY+6dUyV9flQz7sPBBZ+ed2zYtoukojPmxOaL7bm+d/G4GeWWoN7g=="],

    "@napi-rs/canvas-android-arm64": ["@napi-rs/canvas-android-arm64@1.0.8", "", { "os": "android", "cpu": "arm64" }, "sha512-5+nkh8i3gt6lqS/d2jTZ1xAn6tdgtB4Lf1mW6T0Qm5/rXNwBuV1sAEyLEWan5o9gJPU/GuvHR3rvSeZ+FaGrbw=="],

    "@napi-rs/canvas-darwin-arm64": ["@napi-rs/canvas-darwin-arm64@1.0.8", "", { "os": "darwin", "cpu": "arm64" }, "sha512-7jQ47gi+fZ7KJmfc/5rNyy1CYw/cu4kZ0KPIYbo9UUgSdW0bKQJpt+WihEor6s4Lyp7+xc3a+3HeyXmAEbbnPg=="],

    "@napi-rs/canvas-darwin-x64": ["@napi-rs/canvas-darwin-x64@1.0.8", "", { "os": "darwin", "cpu": "x64" }, "sha512-rRjDMZs9pIRKGxgijwezplKc1RnJsqUokrA9h88bbTkqQ+7ePj0ZN4ZnZDy8Vu0tXs7KRlI2tQLaK4mx9QlxHg=="],

    "@napi-rs/canvas-linux-arm-gnueabihf": ["@napi-rs/canvas-linux-arm-gnueabihf@1.0.8", "", { "os": "linux", "cpu": "arm" }, "sha512-jGcCd+8ra6Q61xKqZeiItujTpp9a9eRLcQ0jW6qYNku+WpupqOPFPY0SrsuSnXFviJwkpKYT9p7QrB4lsf3LNQ=="],

    "@napi-rs/canvas-linux-arm64-gnu": ["@napi-rs/canvas-linux-arm64-gnu@1.0.8", "", { "os": "linux", "cpu": "arm64" }, "sha512-od6I2Y7kU7i1SwZYG2EKW8rWz6JiedtPpko4WEe1DDsiikrfaotVBCRaUTM5/yeZKaZ92EatoAS+5xG+6uJlYA=="],

    "@napi-rs/canvas-linux-arm64-musl": ["@napi-rs/canvas-linux-arm64-musl@1.0.8", "", { "os": "linux", "cpu": "arm64" }, "sha512-yYkPbJDJiWj6N0gASA3CAvRypZmVpJnxU0DQg3aBhneLDQde9TPLKADsQkobNoJUtTT/lj46aWpzT48PDb3Qcg=="],

    "@napi-rs/canvas-linux-riscv64-gnu": ["@napi-rs/canvas-linux-riscv64-gnu@1.0.8", "", { "os": "linux", "cpu": "none" }, "sha512-PB00MSKAp4VwK/xwe6duKxRKmH8UH4GIl1pqHSbxng0jnU9Dr7FwaDypDiqwNFZ774N+8G7mJLGuLtg9NTcQsg=="],

    "@napi-rs/canvas-linux-x64-gnu": ["@napi-rs/canvas-linux-x64-gnu@1.0.8", "", { "os": "linux", "cpu": "x64" }, "sha512-TWM2XWJoitLiIPCvgJh7SriC+L/T9qkYCVzC66AidsZy0QP1hkKzBzVwshCdcA3q6fIn3yE0ISbq4lMJSy8jFw=="],

    "@napi-rs/canvas-linux-x64-musl": ["@napi-rs/canvas-linux-x64-musl@1.0.8", "", { "os": "linux", "cpu": "x64" }, "sha512-hb20MxKXXb5IB7AAwN8UHz9WRsa2HmdZfjsDCzjElwJoeV1aotVEwFU4FrFQcYQVzsJQLeaCc/2Qdt/0Q72mMg=="],

    "@napi-rs/canvas-win32-arm64-msvc": ["@napi-rs/canvas-win32-arm64-msvc@1.0.8", "", { "os": "win32", "cpu": "arm64" }, "sha512-WwPN08IXE4SkL+FhJyPz/iFnycMAUkbphFIT4cmKLlvbSU0Zfn1R7BGJ3Hqky1S89QUYc0Q4IOScXb/42Re9wQ=="],

    "@napi-rs/canvas-win32-x64-msvc": ["@napi-rs/canvas-win32-x64-msvc@1.0.8", "", { "os": "win32", "cpu": "x64" }, "sha512-XkrVqKb+pxyba7kjy2LJvABFVBTE0DNpEl7MrG4OYUmaWarrXH+t54z/Czj2YxCKtizYTV4mg6phNm3x24qjhQ=="],

    "@resvg/resvg-js": ["@resvg/resvg-js@2.6.2", "", { "optionalDependencies": { "@resvg/resvg-js-android-arm-eabi": "2.6.2", "@resvg/resvg-js-android-arm64": "2.6.2", "@resvg/resvg-js-darwin-arm64": "2.6.2", "@resvg/resvg-js-darwin-x64": "2.6.2", "@resvg/resvg-js-linux-arm-gnueabihf": "2.6.2", "@resvg/resvg-js-linux-arm64-gnu": "2.6.2", "@resvg/resvg-js-linux-arm64-musl": "2.6.2", "@resvg/resvg-js-linux-x64-gnu": "2.6.2", "@resvg/resvg-js-linux-x64-musl": "2.6.2", "@resvg/resvg-js-win32-arm64-msvc": "2.6.2", "@resvg/resvg-js-win32-ia32-msvc": "2.6.2", "@resvg/resvg-js-win32-x64-msvc": "2.6.2" } }, "sha512-xBaJish5OeGmniDj9cW5PRa/PtmuVU3ziqrbr5xJj901ZDN4TosrVaNZpEiLZAxdfnhAe7uQ7QFWfjPe9d9K2Q=="],

    "@resvg/resvg-js-android-arm-eabi": ["@resvg/resvg-js-android-arm-eabi@2.6.2", "", { "os": "android", "cpu": "arm" }, "sha512-FrJibrAk6v29eabIPgcTUMPXiEz8ssrAk7TXxsiZzww9UTQ1Z5KAbFJs+Z0Ez+VZTYgnE5IQJqBcoSiMebtPHA=="],

    "@resvg/resvg-js-android-arm64": ["@resvg/resvg-js-android-arm64@2.6.2", "", { "os": "android", "cpu": "arm64" }, "sha512-VcOKezEhm2VqzXpcIJoITuvUS/fcjIw5NA/w3tjzWyzmvoCdd+QXIqy3FBGulWdClvp4g+IfUemigrkLThSjAQ=="],

    "@resvg/resvg-js-darwin-arm64": ["@resvg/resvg-js-darwin-arm64@2.6.2", "", { "os": "darwin", "cpu": "arm64" }, "sha512-nmok2LnAd6nLUKI16aEB9ydMC6Lidiiq2m1nEBDR1LaaP7FGs4AJ90qDraxX+CWlVuRlvNjyYJTNv8qFjtL9+A=="],

    "@resvg/resvg-js-darwin-x64": ["@resvg/resvg-js-darwin-x64@2.6.2", "", { "os": "darwin", "cpu": "x64" }, "sha512-GInyZLjgWDfsVT6+SHxQVRwNzV0AuA1uqGsOAW+0th56J7Nh6bHHKXHBWzUrihxMetcFDmQMAX1tZ1fZDYSRsw=="],

    "@resvg/resvg-js-linux-arm-gnueabihf": ["@resvg/resvg-js-linux-arm-gnueabihf@2.6.2", "", { "os": "linux", "cpu": "arm" }, "sha512-YIV3u/R9zJbpqTTNwTZM5/ocWetDKGsro0SWp70eGEM9eV2MerWyBRZnQIgzU3YBnSBQ1RcxRZvY/UxwESfZIw=="],

    "@resvg/resvg-js-linux-arm64-gnu": ["@resvg/resvg-js-linux-arm64-gnu@2.6.2", "", { "os": "linux", "cpu": "arm64" }, "sha512-zc2BlJSim7YR4FZDQ8OUoJg5holYzdiYMeobb9pJuGDidGL9KZUv7SbiD4E8oZogtYY42UZEap7dqkkYuA91pg=="],

    "@resvg/resvg-js-linux-arm64-musl": ["@resvg/resvg-js-linux-arm64-musl@2.6.2", "", { "os": "linux", "cpu": "arm64" }, "sha512-3h3dLPWNgSsD4lQBJPb4f+kvdOSJHa5PjTYVsWHxLUzH4IFTJUAnmuWpw4KqyQ3NA5QCyhw4TWgxk3jRkQxEKg=="],

    "@resvg/resvg-js-linux-x64-gnu": ["@resvg/resvg-js-linux-x64-gnu@2.6.2", "", { "os": "linux", "cpu": "x64" }, "sha512-IVUe+ckIerA7xMZ50duAZzwf1U7khQe2E0QpUxu5MBJNao5RqC0zwV/Zm965vw6D3gGFUl7j4m+oJjubBVoftw=="],

    "@resvg/resvg-js-linux-x64-musl": ["@resvg/resvg-js-linux-x64-musl@2.6.2", "", { "os": "linux", "cpu": "x64" }, "sha512-UOf83vqTzoYQO9SZ0fPl2ZIFtNIz/Rr/y+7X8XRX1ZnBYsQ/tTb+cj9TE+KHOdmlTFBxhYzVkP2lRByCzqi4jQ=="],

    "@resvg/resvg-js-win32-arm64-msvc": ["@resvg/resvg-js-win32-arm64-msvc@2.6.2", "", { "os": "win32", "cpu": "arm64" }, "sha512-7C/RSgCa+7vqZ7qAbItfiaAWhyRSoD4l4BQAbVDqRRsRgY+S+hgS3in0Rxr7IorKUpGE69X48q6/nOAuTJQxeQ=="],

    "@resvg/resvg-js-win32-ia32-msvc": ["@resvg/resvg-js-win32-ia32-msvc@2.6.2", "", { "os": "win32", "cpu": "ia32" }, "sha512-har4aPAlvjnLcil40AC77YDIk6loMawuJwFINEM7n0pZviwMkMvjb2W5ZirsNOZY4aDbo5tLx0wNMREp5Brk+w=="],

    "@resvg/resvg-js-win32-x64-msvc": ["@resvg/resvg-js-win32-x64-msvc@2.6.2", "", { "os": "win32", "cpu": "x64" }, "sha512-ZXtYhtUr5SSaBrUDq7DiyjOFJqBVL/dOBN7N/qmi/pO0IgiWW/f/ue3nbvu9joWE5aAKDoIzy/CxsY0suwGosQ=="],
  }
}
